
Microsoft Visual Studio Solution File, Format Version 12.00
# Visual Studio 15
VisualStudioVersion = 15.0.27004.2006
MinimumVisualStudioVersion = 10.0.40219.1
Project("{FAE04EC0-301F-11D3-BF4B-00C04F79EFBC}") = "ConsoleApp1", "ConsoleApp1\ConsoleApp1.csproj", "{2FA42D15-4877-4E84-B390-D7EE5A5C49A0}"
EndProject
Global
	GlobalSection(SolutionConfigurationPlatforms) = preSolution
		Debug|Any CPU = Debug|Any CPU
		Release|Any CPU = Release|Any CPU
	EndGlobalSection
	GlobalSection(ProjectConfigurationPlatforms) = postSolution
		{2FA42D15-4877-4E84-B390-D7EE5A5C49A0}.Debug|Any CPU.ActiveCfg = Debug|Any CPU
		{2FA42D15-4877-4E84-B390-D7EE5A5C49A0}.Debug|Any CPU.Build.0 = Debug|Any CPU
		{2FA42D15-4877-4E84-B390-D7EE5A5C49A0}.Release|Any CPU.ActiveCfg = Release|Any CPU
		{2FA42D15-4877-4E84-B390-D7EE5A5C49A0}.Release|Any CPU.Build.0 = Release|Any CPU
	EndGlobalSection
	GlobalSection(SolutionProperties) = preSolution
		HideSolutionNode = FALSE
	EndGlobalSection
	GlobalSection(ExtensibilityGlobals) = postSolution
		SolutionGuid = {D4677015-0D8C-4761-98C5-AE1208B8E8D2}
	EndGlobalSection
EndGlobal
